{
  "originHash" : "8f64897c291f1801ef7b9094dd5aa864ec78a078675e5d1bfa9747aea4fa9391",
  "pins" : [
    {
      "identity" : "innodi",
      "kind" : "remoteSourceControl",
      "location" : "https://github.com/InnoSquadCorp/InnoDI.git",
      "state" : {
        "revision" : "2f7f934fd3b782b6bc941933359b91ae817ba329",
        "version" : "4.3.0"
      }
    },
    {
      "identity" : "innoflow",
      "kind" : "remoteSourceControl",
      "location" : "https://github.com/InnoSquadCorp/InnoFlow",
      "state" : {
        "revision" : "9f095ad631a3429fae1ab61934ebaefc97795dc5",
        "version" : "4.0.0"
      }
    },
    {
      "identity" : "innonetwork",
      "kind" : "remoteSourceControl",
      "location" : "https://github.com/InnoSquadCorp/InnoNetwork.git",
      "state" : {
        "revision" : "b4dac750682a2aedc11f35ccab00717c80fa40bc",
        "version" : "4.0.0"
      }
    },
    {
      "identity" : "innorouter",
      "kind" : "remoteSourceControl",
      "location" : "https://github.com/InnoSquadCorp/InnoRouter.git",
      "state" : {
        "revision" : "442b573141ee72135a39ede2ad311cef42c0c9b9",
        "version" : "4.2.1"
      }
    },
    {
      "identity" : "swift-asn1",
      "kind" : "remoteSourceControl",
      "location" : "https://github.com/apple/swift-asn1.git",
      "state" : {
        "revision" : "eb50cbd14606a9161cbc5d452f18797c90ef0bab",
        "version" : "1.7.0"
      }
    },
    {
      "identity" : "swift-crypto",
      "kind" : "remoteSourceControl",
      "location" : "https://github.com/apple/swift-crypto",
      "state" : {
        "revision" : "1b6b2e274e85105bfa155183145a1dcfd63331f1",
        "version" : "4.5.0"
      }
    },
    {
      "identity" : "swift-http-types",
      "kind" : "remoteSourceControl",
      "location" : "https://github.com/apple/swift-http-types",
      "state" : {
        "revision" : "45eb0224913ea070ec4fba17291b9e7ecf4749ca",
        "version" : "1.5.1"
      }
    },
    {
      "identity" : "swift-openapi-runtime",
      "kind" : "remoteSourceControl",
      "location" : "https://github.com/apple/swift-openapi-runtime",
      "state" : {
        "revision" : "f039fa6d6338aab5164f3d1be16281524c9a8f89",
        "version" : "1.11.0"
      }
    },
    {
      "identity" : "swift-syntax",
      "kind" : "remoteSourceControl",
      "location" : "https://github.com/swiftlang/swift-syntax.git",
      "state" : {
        "revision" : "9de99a78f099e59caf2b2beec65a4c45d54b2081",
        "version" : "603.0.1"
      }
    }
  ],
  "version" : 3
}
